
Microsoft Visual Studio Solution File, Format Version 12.00
# Visual Studio Version 17
VisualStudioVersion = 17.14.37531.7 d17.14
MinimumVisualStudioVersion = 10.0.40219.1
Project("{FAE04EC0-301F-11D3-BF4B-00C04F79EFBC}") = "Grimlok", "Grimlok.csproj", "{BBF2B6B1-37E3-9B38-AE95-A0ED4BDF4A62}"
EndProject
Global
	GlobalSection(SolutionConfigurationPlatforms) = preSolution
		Debug|x64 = Debug|x64
		Release|x64 = Release|x64
	EndGlobalSection
	GlobalSection(ProjectConfigurationPlatforms) = postSolution
		{BBF2B6B1-37E3-9B38-AE95-A0ED4BDF4A62}.Debug|x64.ActiveCfg = Debug|x64
		{BBF2B6B1-37E3-9B38-AE95-A0ED4BDF4A62}.Debug|x64.Build.0 = Debug|x64
		{BBF2B6B1-37E3-9B38-AE95-A0ED4BDF4A62}.Release|x64.ActiveCfg = Release|x64
		{BBF2B6B1-37E3-9B38-AE95-A0ED4BDF4A62}.Release|x64.Build.0 = Release|x64
	EndGlobalSection
	GlobalSection(SolutionProperties) = preSolution
		HideSolutionNode = FALSE
	EndGlobalSection
	GlobalSection(ExtensibilityGlobals) = postSolution
		SolutionGuid = {FE258C91-411A-4C18-BE79-2142C7837E77}
	EndGlobalSection
EndGlobal
